
Microsoft Visual Studio Solution File, Format Version 12.00
# Visual Studio 15
VisualStudioVersion = 15.0.26730.16
MinimumVisualStudioVersion = 10.0.40219.1
Project("{8BC9CEB8-8B4A-11D0-8D11-00A0C91BC942}") = "ManyHats", "ManyHats\ManyHats.vcxproj", "{8ADDD8CB-84C5-4458-B04E-9CF919DBDDEE}"
EndProject
Global
	GlobalSection(SolutionConfigurationPlatforms) = preSolution
		Debug|x64 = Debug|x64
		Debug|x86 = Debug|x86
		Release|x64 = Release|x64
		Release|x86 = Release|x86
	EndGlobalSection
	GlobalSection(ProjectConfigurationPlatforms) = postSolution
		{8ADDD8CB-84C5-4458-B04E-9CF919DBDDEE}.Debug|x64.ActiveCfg = Debug|x64
		{8ADDD8CB-84C5-4458-B04E-9CF919DBDDEE}.Debug|x64.Build.0 = Debug|x64
		{8ADDD8CB-84C5-4458-B04E-9CF919DBDDEE}.Debug|x86.ActiveCfg = Debug|Win32
		{8ADDD8CB-84C5-4458-B04E-9CF919DBDDEE}.Debug|x86.Build.0 = Debug|Win32
		{8ADDD8CB-84C5-4458-B04E-9CF919DBDDEE}.Release|x64.ActiveCfg = Release|x64
		{8ADDD8CB-84C5-4458-B04E-9CF919DBDDEE}.Release|x64.Build.0 = Release|x64
		{8ADDD8CB-84C5-4458-B04E-9CF919DBDDEE}.Release|x86.ActiveCfg = Release|Win32
		{8ADDD8CB-84C5-4458-B04E-9CF919DBDDEE}.Release|x86.Build.0 = Release|Win32
	EndGlobalSection
	GlobalSection(SolutionProperties) = preSolution
		HideSolutionNode = FALSE
	EndGlobalSection
	GlobalSection(ExtensibilityGlobals) = postSolution
		SolutionGuid = {50A08A27-C70C-4964-B4F0-F4A8BD655517}
	EndGlobalSection
EndGlobal
